
Microsoft Visual Studio Solution File, Format Version 12.00
# Visual Studio Version 17
VisualStudioVersion = 17.9.34622.214
MinimumVisualStudioVersion = 10.0.40219.1
Project("{FAE04EC0-301F-11D3-BF4B-00C04F79EFBC}") = "task102", "task102\task102.csproj", "{851C24A3-E790-4991-BF07-83E68C0286D5}"
EndProject
Global
	GlobalSection(SolutionConfigurationPlatforms) = preSolution
		Debug|Any CPU = Debug|Any CPU
		Release|Any CPU = Release|Any CPU
	EndGlobalSection
	GlobalSection(ProjectConfigurationPlatforms) = postSolution
		{851C24A3-E790-4991-BF07-83E68C0286D5}.Debug|Any CPU.ActiveCfg = Debug|Any CPU
		{851C24A3-E790-4991-BF07-83E68C0286D5}.Debug|Any CPU.Build.0 = Debug|Any CPU
		{851C24A3-E790-4991-BF07-83E68C0286D5}.Release|Any CPU.ActiveCfg = Release|Any CPU
		{851C24A3-E790-4991-BF07-83E68C0286D5}.Release|Any CPU.Build.0 = Release|Any CPU
	EndGlobalSection
	GlobalSection(SolutionProperties) = preSolution
		HideSolutionNode = FALSE
	EndGlobalSection
	GlobalSection(ExtensibilityGlobals) = postSolution
		SolutionGuid = {1965D174-9AD0-4813-B762-69A089660383}
	EndGlobalSection
EndGlobal
